// !$*UTF8*$!
{
	archiveVersion = 1;
	classes = {
	};
	objectVersion = 56;
	objects = {

/* Begin PBXBuildFile section */
		7B235F252C3B4B6000C13B8B /* Keychain.framework in Frameworks */ = {isa = PBXBuildFile; fileRef = 7B235F1C2C3B4B6000C13B8B /* Keychain.framework */; };
		7B235F2A2C3B4B6000C13B8B /* KeychainTests.swift in Sources */ = {isa = PBXBuildFile; fileRef = 7B235F292C3B4B6000C13B8B /* KeychainTests.swift */; };
		7B235F372C3B4CAE00C13B8B /* SecUtils.swift in Sources */ = {isa = PBXBuildFile; fileRef = 7B235F342C3B4CAE00C13B8B /* SecUtils.swift */; };
		7B235F382C3B4CAE00C13B8B /* KeychainErrors.swift in Sources */ = {isa = PBXBuildFile; fileRef = 7B235F352C3B4CAE00C13B8B /* KeychainErrors.swift */; };
		7B235F392C3B4CAE00C13B8B /* Keychain.swift in Sources */ = {isa = PBXBuildFile; fileRef = 7B235F362C3B4CAE00C13B8B /* Keychain.swift */; };
		7BFA99A62C3B4EE0003AA8EE /* KeychainTestsHostApp.swift in Sources */ = {isa = PBXBuildFile; fileRef = 7BFA99A52C3B4EE0003AA8EE /* KeychainTestsHostApp.swift */; };
		7BFA99A82C3B4EE0003AA8EE /* ContentView.swift in Sources */ = {isa = PBXBuildFile; fileRef = 7BFA99A72C3B4EE0003AA8EE /* ContentView.swift */; };
		7BFA99AA2C3B4EE1003AA8EE /* Assets.xcassets in Resources */ = {isa = PBXBuildFile; fileRef = 7BFA99A92C3B4EE1003AA8EE /* Assets.xcassets */; };
		7BFA99AE2C3B4EE1003AA8EE /* Preview Assets.xcassets in Resources */ = {isa = PBXBuildFile; fileRef = 7BFA99AD2C3B4EE1003AA8EE /* Preview Assets.xcassets */; };
/* End PBXBuildFile section */

/* Begin PBXContainerItemProxy section */
		7B235F262C3B4B6000C13B8B /* PBXContainerItemProxy */ = {
			isa = PBXContainerItemProxy;
			containerPortal = 7B235F132C3B4B6000C13B8B /* Project object */;
			proxyType = 1;
			remoteGlobalIDString = 7B235F1B2C3B4B6000C13B8B;
			remoteInfo = Keychain;
		};
		7BFA99B22C3B4EEA003AA8EE /* PBXContainerItemProxy */ = {
			isa = PBXContainerItemProxy;
			containerPortal = 7B235F132C3B4B6000C13B8B /* Project object */;
			proxyType = 1;
			remoteGlobalIDString = 7BFA99A22C3B4EE0003AA8EE;
			remoteInfo = KeychainTestsHost;
		};
/* End PBXContainerItemProxy section */

/* Begin PBXFileReference section */
		7B235F1C2C3B4B6000C13B8B /* Keychain.framework */ = {isa = PBXFileReference; explicitFileType = wrapper.framework; includeInIndex = 0; path = Keychain.framework; sourceTree = BUILT_PRODUCTS_DIR; };
		7B235F242C3B4B6000C13B8B /* KeychainTests.xctest */ = {isa = PBXFileReference; explicitFileType = wrapper.cfbundle; includeInIndex = 0; path = KeychainTests.xctest; sourceTree = BUILT_PRODUCTS_DIR; };
		7B235F292C3B4B6000C13B8B /* KeychainTests.swift */ = {isa = PBXFileReference; lastKnownFileType = sourcecode.swift; path = KeychainTests.swift; sourceTree = "<group>"; };
		7B235F342C3B4CAE00C13B8B /* SecUtils.swift */ = {isa = PBXFileReference; fileEncoding = 4; lastKnownFileType = sourcecode.swift; path = SecUtils.swift; sourceTree = "<group>"; };
		7B235F352C3B4CAE00C13B8B /* KeychainErrors.swift */ = {isa = PBXFileReference; fileEncoding = 4; lastKnownFileType = sourcecode.swift; path = KeychainErrors.swift; sourceTree = "<group>"; };
		7B235F362C3B4CAE00C13B8B /* Keychain.swift */ = {isa = PBXFileReference; fileEncoding = 4; lastKnownFileType = sourcecode.swift; path = Keychain.swift; sourceTree = "<group>"; };
		7BFA99A32C3B4EE0003AA8EE /* KeychainTestsHost.app */ = {isa = PBXFileReference; explicitFileType = wrapper.application; includeInIndex = 0; path = KeychainTestsHost.app; sourceTree = BUILT_PRODUCTS_DIR; };
		7BFA99A52C3B4EE0003AA8EE /* KeychainTestsHostApp.swift */ = {isa = PBXFileReference; lastKnownFileType = sourcecode.swift; path = KeychainTestsHostApp.swift; sourceTree = "<group>"; };
		7BFA99A72C3B4EE0003AA8EE /* ContentView.swift */ = {isa = PBXFileReference; lastKnownFileType = sourcecode.swift; path = ContentView.swift; sourceTree = "<group>"; };
		7BFA99A92C3B4EE1003AA8EE /* Assets.xcassets */ = {isa = PBXFileReference; lastKnownFileType = folder.assetcatalog; path = Assets.xcassets; sourceTree = "<group>"; };
		7BFA99AB2C3B4EE1003AA8EE /* KeychainTestsHost.entitlements */ = {isa = PBXFileReference; lastKnownFileType = text.plist.entitlements; path = KeychainTestsHost.entitlements; sourceTree = "<group>"; };
		7BFA99AD2C3B4EE1003AA8EE /* Preview Assets.xcassets */ = {isa = PBXFileReference; lastKnownFileType = folder.assetcatalog; path = "Preview Assets.xcassets"; sourceTree = "<group>"; };
/* End PBXFileReference section */

/* Begin PBXFrameworksBuildPhase section */
		7B235F192C3B4B6000C13B8B /* Frameworks */ = {
			isa = PBXFrameworksBuildPhase;
			buildActionMask = 2147483647;
			files = (
			);
			runOnlyForDeploymentPostprocessing = 0;
		};
		7B235F212C3B4B6000C13B8B /* Frameworks */ = {
			isa = PBXFrameworksBuildPhase;
			buildActionMask = 2147483647;
			files = (
				7B235F252C3B4B6000C13B8B /* Keychain.framework in Frameworks */,
			);
			runOnlyForDeploymentPostprocessing = 0;
		};
		7BFA99A02C3B4EE0003AA8EE /* Frameworks */ = {
			isa = PBXFrameworksBuildPhase;
			buildActionMask = 2147483647;
			files = (
			);
			runOnlyForDeploymentPostprocessing = 0;
		};
/* End PBXFrameworksBuildPhase section */

/* Begin PBXGroup section */
		7B235F122C3B4B6000C13B8B = {
			isa = PBXGroup;
			children = (
				7B235F1E2C3B4B6000C13B8B /* Keychain */,
				7B235F282C3B4B6000C13B8B /* KeychainTests */,
				7BFA99A42C3B4EE0003AA8EE /* KeychainTestsHost */,
				7B235F1D2C3B4B6000C13B8B /* Products */,
			);
			sourceTree = "<group>";
		};
		7B235F1D2C3B4B6000C13B8B /* Products */ = {
			isa = PBXGroup;
			children = (
				7B235F1C2C3B4B6000C13B8B /* Keychain.framework */,
				7B235F242C3B4B6000C13B8B /* KeychainTests.xctest */,
				7BFA99A32C3B4EE0003AA8EE /* KeychainTestsHost.app */,
			);
			name = Products;
			sourceTree = "<group>";
		};
		7B235F1E2C3B4B6000C13B8B /* Keychain */ = {
			isa = PBXGroup;
			children = (
				7B235F362C3B4CAE00C13B8B /* Keychain.swift */,
				7B235F352C3B4CAE00C13B8B /* KeychainErrors.swift */,
				7B235F342C3B4CAE00C13B8B /* SecUtils.swift */,
			);
			name = Keychain;
			path = Sources;
			sourceTree = "<group>";
		};
		7B235F282C3B4B6000C13B8B /* KeychainTests */ = {
			isa = PBXGroup;
			children = (
				7B235F292C3B4B6000C13B8B /* KeychainTests.swift */,
			);
			name = KeychainTests;
			path = Tests;
			sourceTree = "<group>";
		};
		7BFA99A42C3B4EE0003AA8EE /* KeychainTestsHost */ = {
			isa = PBXGroup;
			children = (
				7BFA99A52C3B4EE0003AA8EE /* KeychainTestsHostApp.swift */,
				7BFA99A72C3B4EE0003AA8EE /* ContentView.swift */,
				7BFA99A92C3B4EE1003AA8EE /* Assets.xcassets */,
				7BFA99AB2C3B4EE1003AA8EE /* KeychainTestsHost.entitlements */,
				7BFA99AC2C3B4EE1003AA8EE /* Preview Content */,
			);
			path = KeychainTestsHost;
			sourceTree = "<group>";
		};
		7BFA99AC2C3B4EE1003AA8EE /* Preview Content */ = {
			isa = PBXGroup;
			children = (
				7BFA99AD2C3B4EE1003AA8EE /* Preview Assets.xcassets */,
			);
			path = "Preview Content";
			sourceTree = "<group>";
		};
/* End PBXGroup section */

/* Begin PBXHeadersBuildPhase section */
		7B235F172C3B4B6000C13B8B /* Headers */ = {
			isa = PBXHeadersBuildPhase;
			buildActionMask = 2147483647;
			files = (
			);
			runOnlyForDeploymentPostprocessing = 0;
		};
/* End PBXHeadersBuildPhase section */

/* Begin PBXNativeTarget section */
		7B235F1B2C3B4B6000C13B8B /* Keychain */ = {
			isa = PBXNativeTarget;
			buildConfigurationList = 7B235F2E2C3B4B6000C13B8B /* Build configuration list for PBXNativeTarget "Keychain" */;
			buildPhases = (
				7B235F172C3B4B6000C13B8B /* Headers */,
				7B235F182C3B4B6000C13B8B /* Sources */,
				7B235F192C3B4B6000C13B8B /* Frameworks */,
				7B235F1A2C3B4B6000C13B8B /* Resources */,
			);
			buildRules = (
			);
			dependencies = (
			);
			name = Keychain;
			productName = Keychain;
			productReference = 7B235F1C2C3B4B6000C13B8B /* Keychain.framework */;
			productType = "com.apple.product-type.framework";
		};
		7B235F232C3B4B6000C13B8B /* KeychainTests */ = {
			isa = PBXNativeTarget;
			buildConfigurationList = 7B235F312C3B4B6000C13B8B /* Build configuration list for PBXNativeTarget "KeychainTests" */;
			buildPhases = (
				7B235F202C3B4B6000C13B8B /* Sources */,
				7B235F212C3B4B6000C13B8B /* Frameworks */,
				7B235F222C3B4B6000C13B8B /* Resources */,
			);
			buildRules = (
			);
			dependencies = (
				7B235F272C3B4B6000C13B8B /* PBXTargetDependency */,
				7BFA99B32C3B4EEA003AA8EE /* PBXTargetDependency */,
			);
			name = KeychainTests;
			productName = KeychainTests;
			productReference = 7B235F242C3B4B6000C13B8B /* KeychainTests.xctest */;
			productType = "com.apple.product-type.bundle.unit-test";
		};
		7BFA99A22C3B4EE0003AA8EE /* KeychainTestsHost */ = {
			isa = PBXNativeTarget;
			buildConfigurationList = 7BFA99AF2C3B4EE1003AA8EE /* Build configuration list for PBXNativeTarget "KeychainTestsHost" */;
			buildPhases = (
				7BFA999F2C3B4EE0003AA8EE /* Sources */,
				7BFA99A02C3B4EE0003AA8EE /* Frameworks */,
				7BFA99A12C3B4EE0003AA8EE /* Resources */,
			);
			buildRules = (
			);
			dependencies = (
			);
			name = KeychainTestsHost;
			productName = KeychainTestsHost;
			productReference = 7BFA99A32C3B4EE0003AA8EE /* KeychainTestsHost.app */;
			productType = "com.apple.product-type.application";
		};
/* End PBXNativeTarget section */

/* Begin PBXProject section */
		7B235F132C3B4B6000C13B8B /* Project object */ = {
			isa = PBXProject;
			attributes = {
				BuildIndependentTargetsInParallel = 1;
				LastSwiftUpdateCheck = 1540;
				LastUpgradeCheck = 1540;
				TargetAttributes = {
					7B235F1B2C3B4B6000C13B8B = {
						CreatedOnToolsVersion = 15.4;
						LastSwiftMigration = 1540;
					};
					7B235F232C3B4B6000C13B8B = {
						CreatedOnToolsVersion = 15.4;
						TestTargetID = 7BFA99A22C3B4EE0003AA8EE;
					};
					7BFA99A22C3B4EE0003AA8EE = {
						CreatedOnToolsVersion = 15.4;
					};
				};
			};
			buildConfigurationList = 7B235F162C3B4B6000C13B8B /* Build configuration list for PBXProject "Keychain" */;
			compatibilityVersion = "Xcode 14.0";
			developmentRegion = en;
			hasScannedForEncodings = 0;
			knownRegions = (
				en,
				Base,
			);
			mainGroup = 7B235F122C3B4B6000C13B8B;
			productRefGroup = 7B235F1D2C3B4B6000C13B8B /* Products */;
			projectDirPath = "";
			projectRoot = "";
			targets = (
				7B235F1B2C3B4B6000C13B8B /* Keychain */,
				7BFA99A22C3B4EE0003AA8EE /* KeychainTestsHost */,
				7B235F232C3B4B6000C13B8B /* KeychainTests */,
			);
		};
/* End PBXProject section */

/* Begin PBXResourcesBuildPhase section */
		7B235F1A2C3B4B6000C13B8B /* Resources */ = {
			isa = PBXResourcesBuildPhase;
			buildActionMask = 2147483647;
			files = (
			);
			runOnlyForDeploymentPostprocessing = 0;
		};
		7B235F222C3B4B6000C13B8B /* Resources */ = {
			isa = PBXResourcesBuildPhase;
			buildActionMask = 2147483647;
			files = (
			);
			runOnlyForDeploymentPostprocessing = 0;
		};
		7BFA99A12C3B4EE0003AA8EE /* Resources */ = {
			isa = PBXResourcesBuildPhase;
			buildActionMask = 2147483647;
			files = (
				7BFA99AE2C3B4EE1003AA8EE /* Preview Assets.xcassets in Resources */,
				7BFA99AA2C3B4EE1003AA8EE /* Assets.xcassets in Resources */,
			);
			runOnlyForDeploymentPostprocessing = 0;
		};
/* End PBXResourcesBuildPhase section */

/* Begin PBXSourcesBuildPhase section */
		7B235F182C3B4B6000C13B8B /* Sources */ = {
			isa = PBXSourcesBuildPhase;
			buildActionMask = 2147483647;
			files = (
				7B235F392C3B4CAE00C13B8B /* Keychain.swift in Sources */,
				7B235F382C3B4CAE00C13B8B /* KeychainErrors.swift in Sources */,
				7B235F372C3B4CAE00C13B8B /* SecUtils.swift in Sources */,
			);
			runOnlyForDeploymentPostprocessing = 0;
		};
		7B235F202C3B4B6000C13B8B /* Sources */ = {
			isa = PBXSourcesBuildPhase;
			buildActionMask = 2147483647;
			files = (
				7B235F2A2C3B4B6000C13B8B /* KeychainTests.swift in Sources */,
			);
			runOnlyForDeploymentPostprocessing = 0;
		};
		7BFA999F2C3B4EE0003AA8EE /* Sources */ = {
			isa = PBXSourcesBuildPhase;
			buildActionMask = 2147483647;
			files = (
				7BFA99A82C3B4EE0003AA8EE /* ContentView.swift in Sources */,
				7BFA99A62C3B4EE0003AA8EE /* KeychainTestsHostApp.swift in Sources */,
			);
			runOnlyForDeploymentPostprocessing = 0;
		};
/* End PBXSourcesBuildPhase section */

/* Begin PBXTargetDependency section */
		7B235F272C3B4B6000C13B8B /* PBXTargetDependency */ = {
			isa = PBXTargetDependency;
			target = 7B235F1B2C3B4B6000C13B8B /* Keychain */;
			targetProxy = 7B235F262C3B4B6000C13B8B /* PBXContainerItemProxy */;
		};
		7BFA99B32C3B4EEA003AA8EE /* PBXTargetDependency */ = {
			isa = PBXTargetDependency;
			target = 7BFA99A22C3B4EE0003AA8EE /* KeychainTestsHost */;
			targetProxy = 7BFA99B22C3B4EEA003AA8EE /* PBXContainerItemProxy */;
		};
/* End PBXTargetDependency section */

/* Begin XCBuildConfiguration section */
		7B235F2C2C3B4B6000C13B8B /* Debug */ = {
			isa = XCBuildConfiguration;
			buildSettings = {
				ALLOW_TARGET_PLATFORM_SPECIALIZATION = YES;
				ALWAYS_SEARCH_USER_PATHS = NO;
				ASSETCATALOG_COMPILER_GENERATE_SWIFT_ASSET_SYMBOL_EXTENSIONS = YES;
				CLANG_ANALYZER_NONNULL = YES;
				CLANG_ANALYZER_NUMBER_OBJECT_CONVERSION = YES_AGGRESSIVE;
				CLANG_CXX_LANGUAGE_STANDARD = "gnu++20";
				CLANG_ENABLE_MODULES = YES;
				CLANG_ENABLE_OBJC_ARC = YES;
				CLANG_ENABLE_OBJC_WEAK = YES;
				CLANG_WARN_BLOCK_CAPTURE_AUTORELEASING = YES;
				CLANG_WARN_BOOL_CONVERSION = YES;
				CLANG_WARN_COMMA = YES;
				CLANG_WARN_CONSTANT_CONVERSION = YES;
				CLANG_WARN_DEPRECATED_OBJC_IMPLEMENTATIONS = YES;
				CLANG_WARN_DIRECT_OBJC_ISA_USAGE = YES_ERROR;
				CLANG_WARN_DOCUMENTATION_COMMENTS = YES;
				CLANG_WARN_EMPTY_BODY = YES;
				CLANG_WARN_ENUM_CONVERSION = YES;
				CLANG_WARN_INFINITE_RECURSION = YES;
				CLANG_WARN_INT_CONVERSION = YES;
				CLANG_WARN_NON_LITERAL_NULL_CONVERSION = YES;
				CLANG_WARN_OBJC_IMPLICIT_RETAIN_SELF = YES;
				CLANG_WARN_OBJC_LITERAL_CONVERSION = YES;
				CLANG_WARN_OBJC_ROOT_CLASS = YES_ERROR;
				CLANG_WARN_QUOTED_INCLUDE_IN_FRAMEWORK_HEADER = YES;
				CLANG_WARN_RANGE_LOOP_ANALYSIS = YES;
				CLANG_WARN_STRICT_PROTOTYPES = YES;
				CLANG_WARN_SUSPICIOUS_MOVE = YES;
				CLANG_WARN_UNGUARDED_AVAILABILITY = YES_AGGRESSIVE;
				CLANG_WARN_UNREACHABLE_CODE = YES;
				CLANG_WARN__DUPLICATE_METHOD_MATCH = YES;
				COPY_PHASE_STRIP = NO;
				CURRENT_PROJECT_VERSION = 1;
				DEBUG_INFORMATION_FORMAT = dwarf;
				ENABLE_STRICT_OBJC_MSGSEND = YES;
				ENABLE_TESTABILITY = YES;
				ENABLE_USER_SCRIPT_SANDBOXING = YES;
				GCC_C_LANGUAGE_STANDARD = gnu17;
				GCC_DYNAMIC_NO_PIC = NO;
				GCC_NO_COMMON_BLOCKS = YES;
				GCC_OPTIMIZATION_LEVEL = 0;
				GCC_PREPROCESSOR_DEFINITIONS = (
					"DEBUG=1",
					"$(inherited)",
				);
				GCC_WARN_64_TO_32_BIT_CONVERSION = YES;
				GCC_WARN_ABOUT_RETURN_TYPE = YES_ERROR;
				GCC_WARN_UNDECLARED_SELECTOR = YES;
				GCC_WARN_UNINITIALIZED_AUTOS = YES_AGGRESSIVE;
				GCC_WARN_UNUSED_FUNCTION = YES;
				GCC_WARN_UNUSED_VARIABLE = YES;
				IPHONEOS_DEPLOYMENT_TARGET = 12.0;
				LOCALIZATION_PREFERS_STRING_CATALOGS = YES;
				MACOSX_DEPLOYMENT_TARGET = 10.13;
				MTL_ENABLE_DEBUG_INFO = INCLUDE_SOURCE;
				MTL_FAST_MATH = YES;
				ONLY_ACTIVE_ARCH = YES;
				SUPPORTED_PLATFORMS = "xrsimulator xros watchsimulator watchos macosx iphonesimulator iphoneos driverkit appletvsimulator appletvos";
				SUPPORTS_MACCATALYST = YES;
				SWIFT_ACTIVE_COMPILATION_CONDITIONS = "DEBUG $(inherited)";
				SWIFT_OPTIMIZATION_LEVEL = "-Onone";
				TVOS_DEPLOYMENT_TARGET = 14.0;
				VERSIONING_SYSTEM = "apple-generic";
				VERSION_INFO_PREFIX = FRL;
				WATCHOS_DEPLOYMENT_TARGET = 4.0;
				XROS_DEPLOYMENT_TARGET = 1.0;
			};
			name = Debug;
		};
		7B235F2D2C3B4B6000C13B8B /* Release */ = {
			isa = XCBuildConfiguration;
			buildSettings = {
				ALLOW_TARGET_PLATFORM_SPECIALIZATION = YES;
				ALWAYS_SEARCH_USER_PATHS = NO;
				ASSETCATALOG_COMPILER_GENERATE_SWIFT_ASSET_SYMBOL_EXTENSIONS = YES;
				CLANG_ANALYZER_NONNULL = YES;
				CLANG_ANALYZER_NUMBER_OBJECT_CONVERSION = YES_AGGRESSIVE;
				CLANG_CXX_LANGUAGE_STANDARD = "gnu++20";
				CLANG_ENABLE_MODULES = YES;
				CLANG_ENABLE_OBJC_ARC = YES;
				CLANG_ENABLE_OBJC_WEAK = YES;
				CLANG_WARN_BLOCK_CAPTURE_AUTORELEASING = YES;
				CLANG_WARN_BOOL_CONVERSION = YES;
				CLANG_WARN_COMMA = YES;
				CLANG_WARN_CONSTANT_CONVERSION = YES;
				CLANG_WARN_DEPRECATED_OBJC_IMPLEMENTATIONS = YES;
				CLANG_WARN_DIRECT_OBJC_ISA_USAGE = YES_ERROR;
				CLANG_WARN_DOCUMENTATION_COMMENTS = YES;
				CLANG_WARN_EMPTY_BODY = YES;
				CLANG_WARN_ENUM_CONVERSION = YES;
				CLANG_WARN_INFINITE_RECURSION = YES;
				CLANG_WARN_INT_CONVERSION = YES;
				CLANG_WARN_NON_LITERAL_NULL_CONVERSION = YES;
				CLANG_WARN_OBJC_IMPLICIT_RETAIN_SELF = YES;
				CLANG_WARN_OBJC_LITERAL_CONVERSION = YES;
				CLANG_WARN_OBJC_ROOT_CLASS = YES_ERROR;
				CLANG_WARN_QUOTED_INCLUDE_IN_FRAMEWORK_HEADER = YES;
				CLANG_WARN_RANGE_LOOP_ANALYSIS = YES;
				CLANG_WARN_STRICT_PROTOTYPES = YES;
				CLANG_WARN_SUSPICIOUS_MOVE = YES;
				CLANG_WARN_UNGUARDED_AVAILABILITY = YES_AGGRESSIVE;
				CLANG_WARN_UNREACHABLE_CODE = YES;
				CLANG_WARN__DUPLICATE_METHOD_MATCH = YES;
				COPY_PHASE_STRIP = NO;
				CURRENT_PROJECT_VERSION = 1;
				DEBUG_INFORMATION_FORMAT = "dwarf-with-dsym";
				ENABLE_NS_ASSERTIONS = NO;
				ENABLE_STRICT_OBJC_MSGSEND = YES;
				ENABLE_USER_SCRIPT_SANDBOXING = YES;
				GCC_C_LANGUAGE_STANDARD = gnu17;
				GCC_NO_COMMON_BLOCKS = YES;
				GCC_WARN_64_TO_32_BIT_CONVERSION = YES;
				GCC_WARN_ABOUT_RETURN_TYPE = YES_ERROR;
				GCC_WARN_UNDECLARED_SELECTOR = YES;
				GCC_WARN_UNINITIALIZED_AUTOS = YES_AGGRESSIVE;
				GCC_WARN_UNUSED_FUNCTION = YES;
				GCC_WARN_UNUSED_VARIABLE = YES;
				IPHONEOS_DEPLOYMENT_TARGET = 12.0;
				LOCALIZATION_PREFERS_STRING_CATALOGS = YES;
				MACOSX_DEPLOYMENT_TARGET = 10.13;
				MTL_ENABLE_DEBUG_INFO = NO;
				MTL_FAST_MATH = YES;
				SUPPORTED_PLATFORMS = "xrsimulator xros watchsimulator watchos macosx iphonesimulator iphoneos driverkit appletvsimulator appletvos";
				SUPPORTS_MACCATALYST = YES;
				SWIFT_COMPILATION_MODE = wholemodule;
				TVOS_DEPLOYMENT_TARGET = 14.0;
				VERSIONING_SYSTEM = "apple-generic";
				VERSION_INFO_PREFIX = FRL;
				WATCHOS_DEPLOYMENT_TARGET = 4.0;
				XROS_DEPLOYMENT_TARGET = 1.0;
			};
			name = Release;
		};
		7B235F2F2C3B4B6000C13B8B /* Debug */ = {
			isa = XCBuildConfiguration;
			buildSettings = {
				BUILD_LIBRARY_FOR_DISTRIBUTION = YES;
				CODE_SIGN_STYLE = Automatic;
				CURRENT_PROJECT_VERSION = 1;
				DYLIB_COMPATIBILITY_VERSION = 1;
				DYLIB_CURRENT_VERSION = 1;
				DYLIB_INSTALL_NAME_BASE = "@rpath";
				ENABLE_MODULE_VERIFIER = YES;
				GENERATE_INFOPLIST_FILE = YES;
				INSTALL_PATH = "$(LOCAL_LIBRARY_DIR)/Frameworks";
				LD_RUNPATH_SEARCH_PATHS = (
					"@executable_path/Frameworks",
					"@loader_path/Frameworks",
				);
				"LD_RUNPATH_SEARCH_PATHS[sdk=macosx*]" = (
					"@executable_path/../Frameworks",
					"@loader_path/Frameworks",
				);
				MARKETING_VERSION = 1.0;
				MODULE_VERIFIER_SUPPORTED_LANGUAGES = "objective-c objective-c++";
				MODULE_VERIFIER_SUPPORTED_LANGUAGE_STANDARDS = "gnu17 gnu++20";
				PRODUCT_BUNDLE_IDENTIFIER = fr.frostland.Keychain;
				PRODUCT_NAME = "$(TARGET_NAME:c99extidentifier)";
				SDKROOT = auto;
				SKIP_INSTALL = YES;
				SUPPORTS_MACCATALYST = YES;
				SWIFT_INSTALL_OBJC_HEADER = NO;
				SWIFT_VERSION = 5.0;
			};
			name = Debug;
		};
		7B235F302C3B4B6000C13B8B /* Release */ = {
			isa = XCBuildConfiguration;
			buildSettings = {
				BUILD_LIBRARY_FOR_DISTRIBUTION = YES;
				CODE_SIGN_STYLE = Automatic;
				CURRENT_PROJECT_VERSION = 1;
				DYLIB_COMPATIBILITY_VERSION = 1;
				DYLIB_CURRENT_VERSION = 1;
				DYLIB_INSTALL_NAME_BASE = "@rpath";
				ENABLE_MODULE_VERIFIER = YES;
				GENERATE_INFOPLIST_FILE = YES;
				INSTALL_PATH = "$(LOCAL_LIBRARY_DIR)/Frameworks";
				LD_RUNPATH_SEARCH_PATHS = (
					"@executable_path/Frameworks",
					"@loader_path/Frameworks",
				);
				"LD_RUNPATH_SEARCH_PATHS[sdk=macosx*]" = (
					"@executable_path/../Frameworks",
					"@loader_path/Frameworks",
				);
				MARKETING_VERSION = 1.0;
				MODULE_VERIFIER_SUPPORTED_LANGUAGES = "objective-c objective-c++";
				MODULE_VERIFIER_SUPPORTED_LANGUAGE_STANDARDS = "gnu17 gnu++20";
				PRODUCT_BUNDLE_IDENTIFIER = fr.frostland.Keychain;
				PRODUCT_NAME = "$(TARGET_NAME:c99extidentifier)";
				SDKROOT = auto;
				SKIP_INSTALL = YES;
				SUPPORTS_MACCATALYST = YES;
				SWIFT_INSTALL_OBJC_HEADER = NO;
				SWIFT_VERSION = 5.0;
			};
			name = Release;
		};
		7B235F322C3B4B6000C13B8B /* Debug */ = {
			isa = XCBuildConfiguration;
			buildSettings = {
				ALWAYS_EMBED_SWIFT_STANDARD_LIBRARIES = YES;
				CODE_SIGN_STYLE = Automatic;
				CURRENT_PROJECT_VERSION = 1;
				DEVELOPMENT_TEAM = DVL8GW97S8;
				GENERATE_INFOPLIST_FILE = YES;
				IPHONEOS_DEPLOYMENT_TARGET = 14.0;
				MACOSX_DEPLOYMENT_TARGET = 11.0;
				MARKETING_VERSION = 1.0;
				PRODUCT_BUNDLE_IDENTIFIER = fr.frostland.KeychainTests;
				PRODUCT_NAME = "$(TARGET_NAME)";
				SDKROOT = auto;
				SUPPORTS_MACCATALYST = YES;
				SWIFT_EMIT_LOC_STRINGS = NO;
				SWIFT_VERSION = 5.0;
				TEST_HOST = "$(BUILT_PRODUCTS_DIR)/KeychainTestsHost.app/$(BUNDLE_EXECUTABLE_FOLDER_PATH)/KeychainTestsHost";
			};
			name = Debug;
		};
		7B235F332C3B4B6000C13B8B /* Release */ = {
			isa = XCBuildConfiguration;
			buildSettings = {
				ALWAYS_EMBED_SWIFT_STANDARD_LIBRARIES = YES;
				CODE_SIGN_STYLE = Automatic;
				CURRENT_PROJECT_VERSION = 1;
				DEVELOPMENT_TEAM = DVL8GW97S8;
				GENERATE_INFOPLIST_FILE = YES;
				IPHONEOS_DEPLOYMENT_TARGET = 14.0;
				MACOSX_DEPLOYMENT_TARGET = 11.0;
				MARKETING_VERSION = 1.0;
				PRODUCT_BUNDLE_IDENTIFIER = fr.frostland.KeychainTests;
				PRODUCT_NAME = "$(TARGET_NAME)";
				SDKROOT = auto;
				SUPPORTS_MACCATALYST = YES;
				SWIFT_EMIT_LOC_STRINGS = NO;
				SWIFT_VERSION = 5.0;
				TEST_HOST = "$(BUILT_PRODUCTS_DIR)/KeychainTestsHost.app/$(BUNDLE_EXECUTABLE_FOLDER_PATH)/KeychainTestsHost";
			};
			name = Release;
		};
		7BFA99B02C3B4EE1003AA8EE /* Debug */ = {
			isa = XCBuildConfiguration;
			buildSettings = {
				ASSETCATALOG_COMPILER_APPICON_NAME = AppIcon;
				ASSETCATALOG_COMPILER_GLOBAL_ACCENT_COLOR_NAME = AccentColor;
				CODE_SIGN_ENTITLEMENTS = KeychainTestsHost/KeychainTestsHost.entitlements;
				CODE_SIGN_STYLE = Automatic;
				CURRENT_PROJECT_VERSION = 1;
				DEVELOPMENT_ASSET_PATHS = "\"KeychainTestsHost/Preview Content\"";
				DEVELOPMENT_TEAM = DVL8GW97S8;
				ENABLE_PREVIEWS = YES;
				GENERATE_INFOPLIST_FILE = YES;
				INFOPLIST_KEY_LSApplicationCategoryType = "public.app-category.developer-tools";
				"INFOPLIST_KEY_UIApplicationSceneManifest_Generation[sdk=iphoneos*]" = YES;
				"INFOPLIST_KEY_UIApplicationSceneManifest_Generation[sdk=iphonesimulator*]" = YES;
				"INFOPLIST_KEY_UIApplicationSupportsIndirectInputEvents[sdk=iphoneos*]" = YES;
				"INFOPLIST_KEY_UIApplicationSupportsIndirectInputEvents[sdk=iphonesimulator*]" = YES;
				"INFOPLIST_KEY_UILaunchScreen_Generation[sdk=iphoneos*]" = YES;
				"INFOPLIST_KEY_UILaunchScreen_Generation[sdk=iphonesimulator*]" = YES;
				"INFOPLIST_KEY_UIStatusBarStyle[sdk=iphoneos*]" = UIStatusBarStyleDefault;
				"INFOPLIST_KEY_UIStatusBarStyle[sdk=iphonesimulator*]" = UIStatusBarStyleDefault;
				INFOPLIST_KEY_UISupportedInterfaceOrientations_iPad = "UIInterfaceOrientationPortrait UIInterfaceOrientationPortraitUpsideDown UIInterfaceOrientationLandscapeLeft UIInterfaceOrientationLandscapeRight";
				INFOPLIST_KEY_UISupportedInterfaceOrientations_iPhone = "UIInterfaceOrientationPortrait UIInterfaceOrientationLandscapeLeft UIInterfaceOrientationLandscapeRight";
				IPHONEOS_DEPLOYMENT_TARGET = 14.0;
				LD_RUNPATH_SEARCH_PATHS = "@executable_path/Frameworks";
				"LD_RUNPATH_SEARCH_PATHS[sdk=macosx*]" = "@executable_path/../Frameworks";
				MACOSX_DEPLOYMENT_TARGET = 11.0;
				MARKETING_VERSION = 1.0;
				PRODUCT_BUNDLE_IDENTIFIER = fr.frostland.KeychainTestsHost;
				PRODUCT_NAME = "$(TARGET_NAME)";
				SDKROOT = auto;
				SWIFT_EMIT_LOC_STRINGS = YES;
				SWIFT_VERSION = 5.0;
			};
			name = Debug;
		};
		7BFA99B12C3B4EE1003AA8EE /* Release */ = {
			isa = XCBuildConfiguration;
			buildSettings = {
				ASSETCATALOG_COMPILER_APPICON_NAME = AppIcon;
				ASSETCATALOG_COMPILER_GLOBAL_ACCENT_COLOR_NAME = AccentColor;
				CODE_SIGN_ENTITLEMENTS = KeychainTestsHost/KeychainTestsHost.entitlements;
				CODE_SIGN_STYLE = Automatic;
				CURRENT_PROJECT_VERSION = 1;
				DEVELOPMENT_ASSET_PATHS = "\"KeychainTestsHost/Preview Content\"";
				DEVELOPMENT_TEAM = DVL8GW97S8;
				ENABLE_PREVIEWS = YES;
				GENERATE_INFOPLIST_FILE = YES;
				INFOPLIST_KEY_LSApplicationCategoryType = "public.app-category.developer-tools";
				"INFOPLIST_KEY_UIApplicationSceneManifest_Generation[sdk=iphoneos*]" = YES;
				"INFOPLIST_KEY_UIApplicationSceneManifest_Generation[sdk=iphonesimulator*]" = YES;
				"INFOPLIST_KEY_UIApplicationSupportsIndirectInputEvents[sdk=iphoneos*]" = YES;
				"INFOPLIST_KEY_UIApplicationSupportsIndirectInputEvents[sdk=iphonesimulator*]" = YES;
				"INFOPLIST_KEY_UILaunchScreen_Generation[sdk=iphoneos*]" = YES;
				"INFOPLIST_KEY_UILaunchScreen_Generation[sdk=iphonesimulator*]" = YES;
				"INFOPLIST_KEY_UIStatusBarStyle[sdk=iphoneos*]" = UIStatusBarStyleDefault;
				"INFOPLIST_KEY_UIStatusBarStyle[sdk=iphonesimulator*]" = UIStatusBarStyleDefault;
				INFOPLIST_KEY_UISupportedInterfaceOrientations_iPad = "UIInterfaceOrientationPortrait UIInterfaceOrientationPortraitUpsideDown UIInterfaceOrientationLandscapeLeft UIInterfaceOrientationLandscapeRight";
				INFOPLIST_KEY_UISupportedInterfaceOrientations_iPhone = "UIInterfaceOrientationPortrait UIInterfaceOrientationLandscapeLeft UIInterfaceOrientationLandscapeRight";
				IPHONEOS_DEPLOYMENT_TARGET = 14.0;
				LD_RUNPATH_SEARCH_PATHS = "@executable_path/Frameworks";
				"LD_RUNPATH_SEARCH_PATHS[sdk=macosx*]" = "@executable_path/../Frameworks";
				MACOSX_DEPLOYMENT_TARGET = 11.0;
				MARKETING_VERSION = 1.0;
				PRODUCT_BUNDLE_IDENTIFIER = fr.frostland.KeychainTestsHost;
				PRODUCT_NAME = "$(TARGET_NAME)";
				SDKROOT = auto;
				SWIFT_EMIT_LOC_STRINGS = YES;
				SWIFT_VERSION = 5.0;
			};
			name = Release;
		};
/* End XCBuildConfiguration section */

/* Begin XCConfigurationList section */
		7B235F162C3B4B6000C13B8B /* Build configuration list for PBXProject "Keychain" */ = {
			isa = XCConfigurationList;
			buildConfigurations = (
				7B235F2C2C3B4B6000C13B8B /* Debug */,
				7B235F2D2C3B4B6000C13B8B /* Release */,
			);
			defaultConfigurationIsVisible = 0;
			defaultConfigurationName = Release;
		};
		7B235F2E2C3B4B6000C13B8B /* Build configuration list for PBXNativeTarget "Keychain" */ = {
			isa = XCConfigurationList;
			buildConfigurations = (
				7B235F2F2C3B4B6000C13B8B /* Debug */,
				7B235F302C3B4B6000C13B8B /* Release */,
			);
			defaultConfigurationIsVisible = 0;
			defaultConfigurationName = Release;
		};
		7B235F312C3B4B6000C13B8B /* Build configuration list for PBXNativeTarget "KeychainTests" */ = {
			isa = XCConfigurationList;
			buildConfigurations = (
				7B235F322C3B4B6000C13B8B /* Debug */,
				7B235F332C3B4B6000C13B8B /* Release */,
			);
			defaultConfigurationIsVisible = 0;
			defaultConfigurationName = Release;
		};
		7BFA99AF2C3B4EE1003AA8EE /* Build configuration list for PBXNativeTarget "KeychainTestsHost" */ = {
			isa = XCConfigurationList;
			buildConfigurations = (
				7BFA99B02C3B4EE1003AA8EE /* Debug */,
				7BFA99B12C3B4EE1003AA8EE /* Release */,
			);
			defaultConfigurationIsVisible = 0;
			defaultConfigurationName = Release;
		};
/* End XCConfigurationList section */
	};
	rootObject = 7B235F132C3B4B6000C13B8B /* Project object */;
}
